
Microsoft Visual Studio Solution File, Format Version 12.00
# Visual Studio 2012
Project("{FAE04EC0-301F-11D3-BF4B-00C04F79EFBC}") = "Virus", "Virus\Virus.csproj", "{2560F1A6-7F2A-43F0-A299-9F749B3F4845}"
EndProject
Project("{FAE04EC0-301F-11D3-BF4B-00C04F79EFBC}") = "VirusConsole", "VirusConsole\VirusConsole.csproj", "{89995B74-0AB9-42B3-A16E-05A7B8E08113}"
EndProject
Project("{FAE04EC0-301F-11D3-BF4B-00C04F79EFBC}") = "VirusGUI", "VirusGUI\VirusGUI.csproj", "{47A7D56F-8197-448A-A5AA-0CC3609C408F}"
EndProject
Project("{FAE04EC0-301F-11D3-BF4B-00C04F79EFBC}") = "VirusNetwork", "VirusNetwork\VirusNetwork.csproj", "{4511327B-452E-4E51-B625-CA73A20BEE8F}"
EndProject
Global
	GlobalSection(SolutionConfigurationPlatforms) = preSolution
		Debug|Any CPU = Debug|Any CPU
		Release|Any CPU = Release|Any CPU
	EndGlobalSection
	GlobalSection(ProjectConfigurationPlatforms) = postSolution
		{2560F1A6-7F2A-43F0-A299-9F749B3F4845}.Debug|Any CPU.ActiveCfg = Debug|Any CPU
		{2560F1A6-7F2A-43F0-A299-9F749B3F4845}.Debug|Any CPU.Build.0 = Debug|Any CPU
		{2560F1A6-7F2A-43F0-A299-9F749B3F4845}.Release|Any CPU.ActiveCfg = Release|Any CPU
		{2560F1A6-7F2A-43F0-A299-9F749B3F4845}.Release|Any CPU.Build.0 = Release|Any CPU
		{89995B74-0AB9-42B3-A16E-05A7B8E08113}.Debug|Any CPU.ActiveCfg = Debug|Any CPU
		{89995B74-0AB9-42B3-A16E-05A7B8E08113}.Debug|Any CPU.Build.0 = Debug|Any CPU
		{89995B74-0AB9-42B3-A16E-05A7B8E08113}.Release|Any CPU.ActiveCfg = Release|Any CPU
		{89995B74-0AB9-42B3-A16E-05A7B8E08113}.Release|Any CPU.Build.0 = Release|Any CPU
		{47A7D56F-8197-448A-A5AA-0CC3609C408F}.Debug|Any CPU.ActiveCfg = Debug|Any CPU
		{47A7D56F-8197-448A-A5AA-0CC3609C408F}.Debug|Any CPU.Build.0 = Debug|Any CPU
		{47A7D56F-8197-448A-A5AA-0CC3609C408F}.Release|Any CPU.ActiveCfg = Release|Any CPU
		{47A7D56F-8197-448A-A5AA-0CC3609C408F}.Release|Any CPU.Build.0 = Release|Any CPU
		{4511327B-452E-4E51-B625-CA73A20BEE8F}.Debug|Any CPU.ActiveCfg = Debug|Any CPU
		{4511327B-452E-4E51-B625-CA73A20BEE8F}.Debug|Any CPU.Build.0 = Debug|Any CPU
		{4511327B-452E-4E51-B625-CA73A20BEE8F}.Release|Any CPU.ActiveCfg = Release|Any CPU
		{4511327B-452E-4E51-B625-CA73A20BEE8F}.Release|Any CPU.Build.0 = Release|Any CPU
	EndGlobalSection
	GlobalSection(SolutionProperties) = preSolution
		HideSolutionNode = FALSE
	EndGlobalSection
EndGlobal
